
Microsoft Visual Studio Solution File, Format Version 12.00
# Visual Studio Version 17
VisualStudioVersion = 17.7.34003.232
MinimumVisualStudioVersion = 10.0.40219.1
Project("{FAE04EC0-301F-11D3-BF4B-00C04F79EFBC}") = "QuanLyKyTucXa", "QuanLyKyTucXa\QuanLyKyTucXa.csproj", "{F483B699-98E9-4F3F-A53B-BC93ABAFBA49}"
EndProject
Global
	GlobalSection(SolutionConfigurationPlatforms) = preSolution
		Debug|Any CPU = Debug|Any CPU
		Release|Any CPU = Release|Any CPU
	EndGlobalSection
	GlobalSection(ProjectConfigurationPlatforms) = postSolution
		{F483B699-98E9-4F3F-A53B-BC93ABAFBA49}.Debug|Any CPU.ActiveCfg = Debug|Any CPU
		{F483B699-98E9-4F3F-A53B-BC93ABAFBA49}.Debug|Any CPU.Build.0 = Debug|Any CPU
		{F483B699-98E9-4F3F-A53B-BC93ABAFBA49}.Release|Any CPU.ActiveCfg = Release|Any CPU
		{F483B699-98E9-4F3F-A53B-BC93ABAFBA49}.Release|Any CPU.Build.0 = Release|Any CPU
	EndGlobalSection
	GlobalSection(SolutionProperties) = preSolution
		HideSolutionNode = FALSE
	EndGlobalSection
	GlobalSection(ExtensibilityGlobals) = postSolution
		SolutionGuid = {65EE1D61-8EF2-4291-ACD6-B1AA6B757319}
	EndGlobalSection
EndGlobal
